Microsoft Visual Studio Solution File, Format Version 12.00
# Visual Studio Version 17
VisualStudioVersion = 17.11.35327.3
MinimumVisualStudioVersion = 10.0.40219.1
Project("{9A19103F-16F7-4668-BE54-9A1E7A4F7556}") = "HexAsset", "HexAsset.csproj", "{32E2A8E3-65EA-4DE1-9BC1-B742798CEFC7}"
EndProject
Project("{FAE04EC0-301F-11D3-BF4B-00C04F79EFBC}") = "TestHex", "..\TestHex\TestHex.csproj", "{CCF1021D-944C-47A7-9CDC-8A8A48A770CB}"
EndProject
Global
	GlobalSection(SolutionConfigurationPlatforms) = preSolution
		Debug|Any CPU = Debug|Any CPU
		Release|Any CPU = Release|Any CPU
	EndGlobalSection
	GlobalSection(ProjectConfigurationPlatforms) = postSolution
		{32E2A8E3-65EA-4DE1-9BC1-B742798CEFC7}.Debug|Any CPU.ActiveCfg = Debug|Any CPU
		{32E2A8E3-65EA-4DE1-9BC1-B742798CEFC7}.Debug|Any CPU.Build.0 = Debug|Any CPU
		{32E2A8E3-65EA-4DE1-9BC1-B742798CEFC7}.Release|Any CPU.ActiveCfg = Release|Any CPU
		{32E2A8E3-65EA-4DE1-9BC1-B742798CEFC7}.Release|Any CPU.Build.0 = Release|Any CPU
		{CCF1021D-944C-47A7-9CDC-8A8A48A770CB}.Debug|Any CPU.ActiveCfg = Debug|Any CPU
		{CCF1021D-944C-47A7-9CDC-8A8A48A770CB}.Debug|Any CPU.Build.0 = Debug|Any CPU
		{CCF1021D-944C-47A7-9CDC-8A8A48A770CB}.Release|Any CPU.ActiveCfg = Release|Any CPU
		{CCF1021D-944C-47A7-9CDC-8A8A48A770CB}.Release|Any CPU.Build.0 = Release|Any CPU
	EndGlobalSection
	GlobalSection(SolutionProperties) = preSolution
		HideSolutionNode = FALSE
	EndGlobalSection
	GlobalSection(ExtensibilityGlobals) = postSolution
		SolutionGuid = {68AF14EF-56AC-4B50-8CB4-7D23B41471DB}
	EndGlobalSection
EndGlobal